// !$*UTF8*$!
{
	archiveVersion = 1;
	classes = {
	};
	objectVersion = 46;
	objects = {

/* Begin PBXBuildFile section */
		660DB39F1DB8270900423591 /* AppDelegate.swift in Sources */ = {isa = PBXBuildFile; fileRef = 660DB39E1DB8270900423591 /* AppDelegate.swift */; };
		660DB3A11DB8270900423591 /* ViewController.swift in Sources */ = {isa = PBXBuildFile; fileRef = 660DB3A01DB8270900423591 /* ViewController.swift */; };
		660DB3A41DB8270A00423591 /* Main.storyboard in Resources */ = {isa = PBXBuildFile; fileRef = 660DB3A21DB8270A00423591 /* Main.storyboard */; };
		660DB3A61DB8270A00423591 /* Assets.xcassets in Resources */ = {isa = PBXBuildFile; fileRef = 660DB3A51DB8270A00423591 /* Assets.xcassets */; };
		660DB3A91DB8270A00423591 /* LaunchScreen.storyboard in Resources */ = {isa = PBXBuildFile; fileRef = 660DB3A71DB8270A00423591 /* LaunchScreen.storyboard */; };
		660DB3B41DB8270A00423591 /* pokeFinderTests.swift in Sources */ = {isa = PBXBuildFile; fileRef = 660DB3B31DB8270A00423591 /* pokeFinderTests.swift */; };
		660DB3BF1DB8270A00423591 /* pokeFinderUITests.swift in Sources */ = {isa = PBXBuildFile; fileRef = 660DB3BE1DB8270A00423591 /* pokeFinderUITests.swift */; };
/* End PBXBuildFile section */

/* Begin PBXContainerItemProxy section */
		660DB3B01DB8270A00423591 /* PBXContainerItemProxy */ = {
			isa = PBXContainerItemProxy;
			containerPortal = 660DB3931DB8270900423591 /* Project object */;
			proxyType = 1;
			remoteGlobalIDString = 660DB39A1DB8270900423591;
			remoteInfo = pokeFinder;
		};
		660DB3BB1DB8270A00423591 /* PBXContainerItemProxy */ = {
			isa = PBXContainerItemProxy;
			containerPortal = 660DB3931DB8270900423591 /* Project object */;
			proxyType = 1;
			remoteGlobalIDString = 660DB39A1DB8270900423591;
			remoteInfo = pokeFinder;
		};
/* End PBXContainerItemProxy section */

/* Begin PBXFileReference section */
		660DB39B1DB8270900423591 /* pokeFinder.app */ = {isa = PBXFileReference; explicitFileType = wrapper.application; includeInIndex = 0; path = pokeFinder.app; sourceTree = BUILT_PRODUCTS_DIR; };
		660DB39E1DB8270900423591 /* AppDelegate.swift */ = {isa = PBXFileReference; lastKnownFileType = sourcecode.swift; path = AppDelegate.swift; sourceTree = "<group>"; };
		660DB3A01DB8270900423591 /* ViewController.swift */ = {isa = PBXFileReference; lastKnownFileType = sourcecode.swift; path = ViewController.swift; sourceTree = "<group>"; };
		660DB3A31DB8270A00423591 /* Base */ = {isa = PBXFileReference; lastKnownFileType = file.storyboard; name = Base; path = Base.lproj/Main.storyboard; sourceTree = "<group>"; };
		660DB3A51DB8270A00423591 /* Assets.xcassets */ = {isa = PBXFileReference; lastKnownFileType = folder.assetcatalog; path = Assets.xcassets; sourceTree = "<group>"; };
		660DB3A81DB8270A00423591 /* Base */ = {isa = PBXFileReference; lastKnownFileType = file.storyboard; name = Base; path = Base.lproj/LaunchScreen.storyboard; sourceTree = "<group>"; };
		660DB3AA1DB8270A00423591 /* Info.plist */ = {isa = PBXFileReference; lastKnownFileType = text.plist.xml; path = Info.plist; sourceTree = "<group>"; };
		660DB3AF1DB8270A00423591 /* pokeFinderTests.xctest */ = {isa = PBXFileReference; explicitFileType = wrapper.cfbundle; includeInIndex = 0; path = pokeFinderTests.xctest; sourceTree = BUILT_PRODUCTS_DIR; };
		660DB3B31DB8270A00423591 /* pokeFinderTests.swift */ = {isa = PBXFileReference; lastKnownFileType = sourcecode.swift; path = pokeFinderTests.swift; sourceTree = "<group>"; };
		660DB3B51DB8270A00423591 /* Info.plist */ = {isa = PBXFileReference; lastKnownFileType = text.plist.xml; path = Info.plist; sourceTree = "<group>"; };
		660DB3BA1DB8270A00423591 /* pokeFinderUITests.xctest */ = {isa = PBXFileReference; explicitFileType = wrapper.cfbundle; includeInIndex = 0; path = pokeFinderUITests.xctest; sourceTree = BUILT_PRODUCTS_DIR; };
		660DB3BE1DB8270A00423591 /* pokeFinderUITests.swift */ = {isa = PBXFileReference; lastKnownFileType = sourcecode.swift; path = pokeFinderUITests.swift; sourceTree = "<group>"; };
		660DB3C01DB8270A00423591 /* Info.plist */ = {isa = PBXFileReference; lastKnownFileType = text.plist.xml; path = Info.plist; sourceTree = "<group>"; };
/* End PBXFileReference section */

/* Begin PBXFrameworksBuildPhase section */
		660DB3981DB8270900423591 /* Frameworks */ = {
			isa = PBXFrameworksBuildPhase;
			buildActionMask = 2147483647;
			files = (
			);
			runOnlyForDeploymentPostprocessing = 0;
		};
		660DB3AC1DB8270A00423591 /* Frameworks */ = {
			isa = PBXFrameworksBuildPhase;
			buildActionMask = 2147483647;
			files = (
			);
			runOnlyForDeploymentPostprocessing = 0;
		};
		660DB3B71DB8270A00423591 /* Frameworks */ = {
			isa = PBXFrameworksBuildPhase;
			buildActionMask = 2147483647;
			files = (
			);
			runOnlyForDeploymentPostprocessing = 0;
		};
/* End PBXFrameworksBuildPhase section */

/* Begin PBXGroup section */
		660DB3921DB8270900423591 = {
			isa = PBXGroup;
			children = (
				660DB39D1DB8270900423591 /* pokeFinder */,
				660DB3B21DB8270A00423591 /* pokeFinderTests */,
				660DB3BD1DB8270A00423591 /* pokeFinderUITests */,
				660DB39C1DB8270900423591 /* Products */,
			);
			sourceTree = "<group>";
		};
		660DB39C1DB8270900423591 /* Products */ = {
			isa = PBXGroup;
			children = (
				660DB39B1DB8270900423591 /* pokeFinder.app */,
				660DB3AF1DB8270A00423591 /* pokeFinderTests.xctest */,
				660DB3BA1DB8270A00423591 /* pokeFinderUITests.xctest */,
			);
			name = Products;
			sourceTree = "<group>";
		};
		660DB39D1DB8270900423591 /* pokeFinder */ = {
			isa = PBXGroup;
			children = (
				660DB39E1DB8270900423591 /* AppDelegate.swift */,
				660DB3A01DB8270900423591 /* ViewController.swift */,
				660DB3A21DB8270A00423591 /* Main.storyboard */,
				660DB3A51DB8270A00423591 /* Assets.xcassets */,
				660DB3A71DB8270A00423591 /* LaunchScreen.storyboard */,
				660DB3AA1DB8270A00423591 /* Info.plist */,
			);
			path = pokeFinder;
			sourceTree = "<group>";
		};
		660DB3B21DB8270A00423591 /* pokeFinderTests */ = {
			isa = PBXGroup;
			children = (
				660DB3B31DB8270A00423591 /* pokeFinderTests.swift */,
				660DB3B51DB8270A00423591 /* Info.plist */,
			);
			path = pokeFinderTests;
			sourceTree = "<group>";
		};
		660DB3BD1DB8270A00423591 /* pokeFinderUITests */ = {
			isa = PBXGroup;
			children = (
				660DB3BE1DB8270A00423591 /* pokeFinderUITests.swift */,
				660DB3C01DB8270A00423591 /* Info.plist */,
			);
			path = pokeFinderUITests;
			sourceTree = "<group>";
		};
/* End PBXGroup section */

/* Begin PBXNativeTarget section */
		660DB39A1DB8270900423591 /* pokeFinder */ = {
			isa = PBXNativeTarget;
			buildConfigurationList = 660DB3C31DB8270A00423591 /* Build configuration list for PBXNativeTarget "pokeFinder" */;
			buildPhases = (
				660DB3971DB8270900423591 /* Sources */,
				660DB3981DB8270900423591 /* Frameworks */,
				660DB3991DB8270900423591 /* Resources */,
			);
			buildRules = (
			);
			dependencies = (
			);
			name = pokeFinder;
			productName = pokeFinder;
			productReference = 660DB39B1DB8270900423591 /* pokeFinder.app */;
			productType = "com.apple.product-type.application";
		};
		660DB3AE1DB8270A00423591 /* pokeFinderTests */ = {
			isa = PBXNativeTarget;
			buildConfigurationList = 660DB3C61DB8270A00423591 /* Build configuration list for PBXNativeTarget "pokeFinderTests" */;
			buildPhases = (
				660DB3AB1DB8270A00423591 /* Sources */,
				660DB3AC1DB8270A00423591 /* Frameworks */,
				660DB3AD1DB8270A00423591 /* Resources */,
			);
			buildRules = (
			);
			dependencies = (
				660DB3B11DB8270A00423591 /* PBXTargetDependency */,
			);
			name = pokeFinderTests;
			productName = pokeFinderTests;
			productReference = 660DB3AF1DB8270A00423591 /* pokeFinderTests.xctest */;
			productType = "com.apple.product-type.bundle.unit-test";
		};
		660DB3B91DB8270A00423591 /* pokeFinderUITests */ = {
			isa = PBXNativeTarget;
			buildConfigurationList = 660DB3C91DB8270A00423591 /* Build configuration list for PBXNativeTarget "pokeFinderUITests" */;
			buildPhases = (
				660DB3B61DB8270A00423591 /* Sources */,
				660DB3B71DB8270A00423591 /* Frameworks */,
				660DB3B81DB8270A00423591 /* Resources */,
			);
			buildRules = (
			);
			dependencies = (
				660DB3BC1DB8270A00423591 /* PBXTargetDependency */,
			);
			name = pokeFinderUITests;
			productName = pokeFinderUITests;
			productReference = 660DB3BA1DB8270A00423591 /* pokeFinderUITests.xctest */;
			productType = "com.apple.product-type.bundle.ui-testing";
		};
/* End PBXNativeTarget section */

/* Begin PBXProject section */
		660DB3931DB8270900423591 /* Project object */ = {
			isa = PBXProject;
			attributes = {
				LastSwiftUpdateCheck = 0800;
				LastUpgradeCheck = 0800;
				ORGANIZATIONNAME = "Ali Maqsood";
				TargetAttributes = {
					660DB39A1DB8270900423591 = {
						CreatedOnToolsVersion = 8.0;
						ProvisioningStyle = Automatic;
					};
					660DB3AE1DB8270A00423591 = {
						CreatedOnToolsVersion = 8.0;
						ProvisioningStyle = Automatic;
						TestTargetID = 660DB39A1DB8270900423591;
					};
					660DB3B91DB8270A00423591 = {
						CreatedOnToolsVersion = 8.0;
						ProvisioningStyle = Automatic;
						TestTargetID = 660DB39A1DB8270900423591;
					};
				};
			};
			buildConfigurationList = 660DB3961DB8270900423591 /* Build configuration list for PBXProject "pokeFinder" */;
			compatibilityVersion = "Xcode 3.2";
			developmentRegion = English;
			hasScannedForEncodings = 0;
			knownRegions = (
				en,
				Base,
			);
			mainGroup = 660DB3921DB8270900423591;
			productRefGroup = 660DB39C1DB8270900423591 /* Products */;
			projectDirPath = "";
			projectRoot = "";
			targets = (
				660DB39A1DB8270900423591 /* pokeFinder */,
				660DB3AE1DB8270A00423591 /* pokeFinderTests */,
				660DB3B91DB8270A00423591 /* pokeFinderUITests */,
			);
		};
/* End PBXProject section */

/* Begin PBXResourcesBuildPhase section */
		660DB3991DB8270900423591 /* Resources */ = {
			isa = PBXResourcesBuildPhase;
			buildActionMask = 2147483647;
			files = (
				660DB3A91DB8270A00423591 /* LaunchScreen.storyboard in Resources */,
				660DB3A61DB8270A00423591 /* Assets.xcassets in Resources */,
				660DB3A41DB8270A00423591 /* Main.storyboard in Resources */,
			);
			runOnlyForDeploymentPostprocessing = 0;
		};
		660DB3AD1DB8270A00423591 /* Resources */ = {
			isa = PBXResourcesBuildPhase;
			buildActionMask = 2147483647;
			files = (
			);
			runOnlyForDeploymentPostprocessing = 0;
		};
		660DB3B81DB8270A00423591 /* Resources */ = {
			isa = PBXResourcesBuildPhase;
			buildActionMask = 2147483647;
			files = (
			);
			runOnlyForDeploymentPostprocessing = 0;
		};
/* End PBXResourcesBuildPhase section */

/* Begin PBXSourcesBuildPhase section */
		660DB3971DB8270900423591 /* Sources */ = {
			isa = PBXSourcesBuildPhase;
			buildActionMask = 2147483647;
			files = (
				660DB3A11DB8270900423591 /* ViewController.swift in Sources */,
				660DB39F1DB8270900423591 /* AppDelegate.swift in Sources */,
			);
			runOnlyForDeploymentPostprocessing = 0;
		};
		660DB3AB1DB8270A00423591 /* Sources */ = {
			isa = PBXSourcesBuildPhase;
			buildActionMask = 2147483647;
			files = (
				660DB3B41DB8270A00423591 /* pokeFinderTests.swift in Sources */,
			);
			runOnlyForDeploymentPostprocessing = 0;
		};
		660DB3B61DB8270A00423591 /* Sources */ = {
			isa = PBXSourcesBuildPhase;
			buildActionMask = 2147483647;
			files = (
				660DB3BF1DB8270A00423591 /* pokeFinderUITests.swift in Sources */,
			);
			runOnlyForDeploymentPostprocessing = 0;
		};
/* End PBXSourcesBuildPhase section */

/* Begin PBXTargetDependency section */
		660DB3B11DB8270A00423591 /* PBXTargetDependency */ = {
			isa = PBXTargetDependency;
			target = 660DB39A1DB8270900423591 /* pokeFinder */;
			targetProxy = 660DB3B01DB8270A00423591 /* PBXContainerItemProxy */;
		};
		660DB3BC1DB8270A00423591 /* PBXTargetDependency */ = {
			isa = PBXTargetDependency;
			target = 660DB39A1DB8270900423591 /* pokeFinder */;
			targetProxy = 660DB3BB1DB8270A00423591 /* PBXContainerItemProxy */;
		};
/* End PBXTargetDependency section */

/* Begin PBXVariantGroup section */
		660DB3A21DB8270A00423591 /* Main.storyboard */ = {
			isa = PBXVariantGroup;
			children = (
				660DB3A31DB8270A00423591 /* Base */,
			);
			name = Main.storyboard;
			sourceTree = "<group>";
		};
		660DB3A71DB8270A00423591 /* LaunchScreen.storyboard */ = {
			isa = PBXVariantGroup;
			children = (
				660DB3A81DB8270A00423591 /* Base */,
			);
			name = LaunchScreen.storyboard;
			sourceTree = "<group>";
		};
/* End PBXVariantGroup section */

/* Begin XCBuildConfiguration section */
		660DB3C11DB8270A00423591 /* Debug */ = {
			isa = XCBuildConfiguration;
			buildSettings = {
				ALWAYS_SEARCH_USER_PATHS = NO;
				CLANG_ANALYZER_NONNULL = YES;
				CLANG_CXX_LANGUAGE_STANDARD = "gnu++0x";
				CLANG_CXX_LIBRARY = "libc++";
				CLANG_ENABLE_MODULES = YES;
				CLANG_ENABLE_OBJC_ARC = YES;
				CLANG_WARN_BOOL_CONVERSION = YES;
				CLANG_WARN_CONSTANT_CONVERSION = YES;
				CLANG_WARN_DIRECT_OBJC_ISA_USAGE = YES_ERROR;
				CLANG_WARN_DOCUMENTATION_COMMENTS = YES;
				CLANG_WARN_EMPTY_BODY = YES;
				CLANG_WARN_ENUM_CONVERSION = YES;
				CLANG_WARN_INFINITE_RECURSION = YES;
				CLANG_WARN_INT_CONVERSION = YES;
				CLANG_WARN_OBJC_ROOT_CLASS = YES_ERROR;
				CLANG_WARN_SUSPICIOUS_MOVES = YES;
				CLANG_WARN_UNREACHABLE_CODE = YES;
				CLANG_WARN__DUPLICATE_METHOD_MATCH = YES;
				"CODE_SIGN_IDENTITY[sdk=iphoneos*]" = "iPhone Developer";
				COPY_PHASE_STRIP = NO;
				DEBUG_INFORMATION_FORMAT = dwarf;
				ENABLE_STRICT_OBJC_MSGSEND = YES;
				ENABLE_TESTABILITY = YES;
				GCC_C_LANGUAGE_STANDARD = gnu99;
				GCC_DYNAMIC_NO_PIC = NO;
				GCC_NO_COMMON_BLOCKS = YES;
				GCC_OPTIMIZATION_LEVEL = 0;
				GCC_PREPROCESSOR_DEFINITIONS = (
					"DEBUG=1",
					"$(inherited)",
				);
				GCC_WARN_64_TO_32_BIT_CONVERSION = YES;
				GCC_WARN_ABOUT_RETURN_TYPE = YES_ERROR;
				GCC_WARN_UNDECLARED_SELECTOR = YES;
				GCC_WARN_UNINITIALIZED_AUTOS = YES_AGGRESSIVE;
				GCC_WARN_UNUSED_FUNCTION = YES;
				GCC_WARN_UNUSED_VARIABLE = YES;
				IPHONEOS_DEPLOYMENT_TARGET = 10.0;
				MTL_ENABLE_DEBUG_INFO = YES;
				ONLY_ACTIVE_ARCH = YES;
				SDKROOT = iphoneos;
				SWIFT_ACTIVE_COMPILATION_CONDITIONS = DEBUG;
				SWIFT_OPTIMIZATION_LEVEL = "-Onone";
			};
			name = Debug;
		};
		660DB3C21DB8270A00423591 /* Release */ = {
			isa = XCBuildConfiguration;
			buildSettings = {
				ALWAYS_SEARCH_USER_PATHS = NO;
				CLANG_ANALYZER_NONNULL = YES;
				CLANG_CXX_LANGUAGE_STANDARD = "gnu++0x";
				CLANG_CXX_LIBRARY = "libc++";
				CLANG_ENABLE_MODULES = YES;
				CLANG_ENABLE_OBJC_ARC = YES;
				CLANG_WARN_BOOL_CONVERSION = YES;
				CLANG_WARN_CONSTANT_CONVERSION = YES;
				CLANG_WARN_DIRECT_OBJC_ISA_USAGE = YES_ERROR;
				CLANG_WARN_DOCUMENTATION_COMMENTS = YES;
				CLANG_WARN_EMPTY_BODY = YES;
				CLANG_WARN_ENUM_CONVERSION = YES;
				CLANG_WARN_INFINITE_RECURSION = YES;
				CLANG_WARN_INT_CONVERSION = YES;
				CLANG_WARN_OBJC_ROOT_CLASS = YES_ERROR;
				CLANG_WARN_SUSPICIOUS_MOVES = YES;
				CLANG_WARN_UNREACHABLE_CODE = YES;
				CLANG_WARN__DUPLICATE_METHOD_MATCH = YES;
				"CODE_SIGN_IDENTITY[sdk=iphoneos*]" = "iPhone Developer";
				COPY_PHASE_STRIP = NO;
				DEBUG_INFORMATION_FORMAT = "dwarf-with-dsym";
				ENABLE_NS_ASSERTIONS = NO;
				ENABLE_STRICT_OBJC_MSGSEND = YES;
				GCC_C_LANGUAGE_STANDARD = gnu99;
				GCC_NO_COMMON_BLOCKS = YES;
				GCC_WARN_64_TO_32_BIT_CONVERSION = YES;
				GCC_WARN_ABOUT_RETURN_TYPE = YES_ERROR;
				GCC_WARN_UNDECLARED_SELECTOR = YES;
				GCC_WARN_UNINITIALIZED_AUTOS = YES_AGGRESSIVE;
				GCC_WARN_UNUSED_FUNCTION = YES;
				GCC_WARN_UNUSED_VARIABLE = YES;
				IPHONEOS_DEPLOYMENT_TARGET = 10.0;
				MTL_ENABLE_DEBUG_INFO = NO;
				SDKROOT = iphoneos;
				SWIFT_OPTIMIZATION_LEVEL = "-Owholemodule";
				VALIDATE_PRODUCT = YES;
			};
			name = Release;
		};
		660DB3C41DB8270A00423591 /* Debug */ = {
			isa = XCBuildConfiguration;
			buildSettings = {
				ASSETCATALOG_COMPILER_APPICON_NAME = AppIcon;
				INFOPLIST_FILE = pokeFinder/Info.plist;
				LD_RUNPATH_SEARCH_PATHS = "$(inherited) @executable_path/Frameworks";
				PRODUCT_BUNDLE_IDENTIFIER = com.alibaba.pokeFinder;
				PRODUCT_NAME = "$(TARGET_NAME)";
				SWIFT_VERSION = 3.0;
			};
			name = Debug;
		};
		660DB3C51DB8270A00423591 /* Release */ = {
			isa = XCBuildConfiguration;
			buildSettings = {
				ASSETCATALOG_COMPILER_APPICON_NAME = AppIcon;
				INFOPLIST_FILE = pokeFinder/Info.plist;
				LD_RUNPATH_SEARCH_PATHS = "$(inherited) @executable_path/Frameworks";
				PRODUCT_BUNDLE_IDENTIFIER = com.alibaba.pokeFinder;
				PRODUCT_NAME = "$(TARGET_NAME)";
				SWIFT_VERSION = 3.0;
			};
			name = Release;
		};
		660DB3C71DB8270A00423591 /* Debug */ = {
			isa = XCBuildConfiguration;
			buildSettings = {
				ALWAYS_EMBED_SWIFT_STANDARD_LIBRARIES = YES;
				BUNDLE_LOADER = "$(TEST_HOST)";
				INFOPLIST_FILE = pokeFinderTests/Info.plist;
				LD_RUNPATH_SEARCH_PATHS = "$(inherited) @executable_path/Frameworks @loader_path/Frameworks";
				PRODUCT_BUNDLE_IDENTIFIER = com.alibaba.pokeFinderTests;
				PRODUCT_NAME = "$(TARGET_NAME)";
				SWIFT_VERSION = 3.0;
				TEST_HOST = "$(BUILT_PRODUCTS_DIR)/pokeFinder.app/pokeFinder";
			};
			name = Debug;
		};
		660DB3C81DB8270A00423591 /* Release */ = {
			isa = XCBuildConfiguration;
			buildSettings = {
				ALWAYS_EMBED_SWIFT_STANDARD_LIBRARIES = YES;
				BUNDLE_LOADER = "$(TEST_HOST)";
				INFOPLIST_FILE = pokeFinderTests/Info.plist;
				LD_RUNPATH_SEARCH_PATHS = "$(inherited) @executable_path/Frameworks @loader_path/Frameworks";
				PRODUCT_BUNDLE_IDENTIFIER = com.alibaba.pokeFinderTests;
				PRODUCT_NAME = "$(TARGET_NAME)";
				SWIFT_VERSION = 3.0;
				TEST_HOST = "$(BUILT_PRODUCTS_DIR)/pokeFinder.app/pokeFinder";
			};
			name = Release;
		};
		660DB3CA1DB8270A00423591 /* Debug */ = {
			isa = XCBuildConfiguration;
			buildSettings = {
				ALWAYS_EMBED_SWIFT_STANDARD_LIBRARIES = YES;
				INFOPLIST_FILE = pokeFinderUITests/Info.plist;
				LD_RUNPATH_SEARCH_PATHS = "$(inherited) @executable_path/Frameworks @loader_path/Frameworks";
				PRODUCT_BUNDLE_IDENTIFIER = com.alibaba.pokeFinderUITests;
				PRODUCT_NAME = "$(TARGET_NAME)";
				SWIFT_VERSION = 3.0;
				TEST_TARGET_NAME = pokeFinder;
			};
			name = Debug;
		};
		660DB3CB1DB8270A00423591 /* Release */ = {
			isa = XCBuildConfiguration;
			buildSettings = {
				ALWAYS_EMBED_SWIFT_STANDARD_LIBRARIES = YES;
				INFOPLIST_FILE = pokeFinderUITests/Info.plist;
				LD_RUNPATH_SEARCH_PATHS = "$(inherited) @executable_path/Frameworks @loader_path/Frameworks";
				PRODUCT_BUNDLE_IDENTIFIER = com.alibaba.pokeFinderUITests;
				PRODUCT_NAME = "$(TARGET_NAME)";
				SWIFT_VERSION = 3.0;
				TEST_TARGET_NAME = pokeFinder;
			};
			name = Release;
		};
/* End XCBuildConfiguration section */

/* Begin XCConfigurationList section */
		660DB3961DB8270900423591 /* Build configuration list for PBXProject "pokeFinder" */ = {
			isa = XCConfigurationList;
			buildConfigurations = (
				660DB3C11DB8270A00423591 /* Debug */,
				660DB3C21DB8270A00423591 /* Release */,
			);
			defaultConfigurationIsVisible = 0;
			defaultConfigurationName = Release;
		};
		660DB3C31DB8270A00423591 /* Build configuration list for PBXNativeTarget "pokeFinder" */ = {
			isa = XCConfigurationList;
			buildConfigurations = (
				660DB3C41DB8270A00423591 /* Debug */,
				660DB3C51DB8270A00423591 /* Release */,
			);
			defaultConfigurationIsVisible = 0;
		};
		660DB3C61DB8270A00423591 /* Build configuration list for PBXNativeTarget "pokeFinderTests" */ = {
			isa = XCConfigurationList;
			buildConfigurations = (
				660DB3C71DB8270A00423591 /* Debug */,
				660DB3C81DB8270A00423591 /* Release */,
			);
			defaultConfigurationIsVisible = 0;
		};
		660DB3C91DB8270A00423591 /* Build configuration list for PBXNativeTarget "pokeFinderUITests" */ = {
			isa = XCConfigurationList;
			buildConfigurations = (
				660DB3CA1DB8270A00423591 /* Debug */,
				660DB3CB1DB8270A00423591 /* Release */,
			);
			defaultConfigurationIsVisible = 0;
		};
/* End XCConfigurationList section */
	};
	rootObject = 660DB3931DB8270900423591 /* Project object */;
}
